
Microsoft Visual Studio Solution File, Format Version 12.00
# Visual Studio Version 17
VisualStudioVersion = 17.14.36414.22 d17.14
MinimumVisualStudioVersion = 10.0.40219.1
Project("{FAE04EC0-301F-11D3-BF4B-00C04F79EFBC}") = "ProductStoreDesktop", "ProductStoreDesktop.csproj", "{04D0A51F-AC6A-49F0-B3AB-2D4C5EDCC165}"
EndProject
Global
	GlobalSection(SolutionConfigurationPlatforms) = preSolution
		Debug|Any CPU = Debug|Any CPU
		Release|Any CPU = Release|Any CPU
	EndGlobalSection
	GlobalSection(ProjectConfigurationPlatforms) = postSolution
		{04D0A51F-AC6A-49F0-B3AB-2D4C5EDCC165}.Debug|Any CPU.ActiveCfg = Debug|Any CPU
		{04D0A51F-AC6A-49F0-B3AB-2D4C5EDCC165}.Debug|Any CPU.Build.0 = Debug|Any CPU
		{04D0A51F-AC6A-49F0-B3AB-2D4C5EDCC165}.Release|Any CPU.ActiveCfg = Release|Any CPU
		{04D0A51F-AC6A-49F0-B3AB-2D4C5EDCC165}.Release|Any CPU.Build.0 = Release|Any CPU
	EndGlobalSection
	GlobalSection(SolutionProperties) = preSolution
		HideSolutionNode = FALSE
	EndGlobalSection
	GlobalSection(ExtensibilityGlobals) = postSolution
		SolutionGuid = {2401ABAD-8B25-423F-BB03-43864B86CF05}
	EndGlobalSection
EndGlobal
